
Microsoft Visual Studio Solution File, Format Version 12.00
# Visual Studio Version 17
VisualStudioVersion = 17.1.32328.378
MinimumVisualStudioVersion = 10.0.40219.1
Project("{FAE04EC0-301F-11D3-BF4B-00C04F79EFBC}") = "DesafioDesafiante", "DesafioDesafiante.csproj", "{91FE5F31-58B6-41C5-9434-4ED09A71DFCE}"
EndProject
Global
	GlobalSection(SolutionConfigurationPlatforms) = preSolution
		Debug|Any CPU = Debug|Any CPU
		Release|Any CPU = Release|Any CPU
	EndGlobalSection
	GlobalSection(ProjectConfigurationPlatforms) = postSolution
		{91FE5F31-58B6-41C5-9434-4ED09A71DFCE}.Debug|Any CPU.ActiveCfg = Debug|Any CPU
		{91FE5F31-58B6-41C5-9434-4ED09A71DFCE}.Debug|Any CPU.Build.0 = Debug|Any CPU
		{91FE5F31-58B6-41C5-9434-4ED09A71DFCE}.Release|Any CPU.ActiveCfg = Release|Any CPU
		{91FE5F31-58B6-41C5-9434-4ED09A71DFCE}.Release|Any CPU.Build.0 = Release|Any CPU
	EndGlobalSection
	GlobalSection(SolutionProperties) = preSolution
		HideSolutionNode = FALSE
	EndGlobalSection
	GlobalSection(ExtensibilityGlobals) = postSolution
		SolutionGuid = {5A7E12C9-3016-4571-A3A3-BBD7A529965D}
	EndGlobalSection
EndGlobal
